// !$*UTF8*$!
{
	archiveVersion = 1;
	classes = {
	};
	objectVersion = 46;
	objects = {

/* Begin PBXBuildFile section */
		1A4EA2711CDF604A00143486 /* post.cpp in Sources */ = {isa = PBXBuildFile; fileRef = 1A9F04601CD640940068B252 /* post.cpp */; };
		1A4EA2721CDF604C00143486 /* index.cpp in Sources */ = {isa = PBXBuildFile; fileRef = 1A944B731CBF5ECA00C63F00 /* index.cpp */; };
		1A4EA2731CDF604E00143486 /* database.cpp in Sources */ = {isa = PBXBuildFile; fileRef = 1AC771871CD8FA1B005D3D41 /* database.cpp */; };
		1A4EA2741CDF605000143486 /* database.cpp in Sources */ = {isa = PBXBuildFile; fileRef = 1AC771871CD8FA1B005D3D41 /* database.cpp */; };
		1A4EA2751CDF605200143486 /* html.cpp in Sources */ = {isa = PBXBuildFile; fileRef = 1ACA8F0E1CC6737D00E19ADD /* html.cpp */; };
		1A4EA2761CDF605300143486 /* html.cpp in Sources */ = {isa = PBXBuildFile; fileRef = 1ACA8F0E1CC6737D00E19ADD /* html.cpp */; };
		1A4EA2781CDF606000143486 /* libmysqlcppconn.7.1.1.6.dylib in Frameworks */ = {isa = PBXBuildFile; fileRef = 1A643A341CC29CCC008C1AC5 /* libmysqlcppconn.7.1.1.6.dylib */; };
		1A4EA2791CDF606100143486 /* libcgicc.3.dylib in Frameworks */ = {isa = PBXBuildFile; fileRef = 1A643A391CC2A228008C1AC5 /* libcgicc.3.dylib */; };
		1A4EA27A1CDF606B00143486 /* libmysqlcppconn.7.1.1.6.dylib in Frameworks */ = {isa = PBXBuildFile; fileRef = 1A643A341CC29CCC008C1AC5 /* libmysqlcppconn.7.1.1.6.dylib */; };
		1A4EA27B1CDF606C00143486 /* libcgicc.3.dylib in Frameworks */ = {isa = PBXBuildFile; fileRef = 1A643A391CC2A228008C1AC5 /* libcgicc.3.dylib */; };
		1A4EA2871CDF645A00143486 /* libmysqlcppconn.7.1.1.6.dylib in Frameworks */ = {isa = PBXBuildFile; fileRef = 1A643A341CC29CCC008C1AC5 /* libmysqlcppconn.7.1.1.6.dylib */; };
		1A4EA2881CDF645C00143486 /* libcgicc.3.dylib in Frameworks */ = {isa = PBXBuildFile; fileRef = 1A643A391CC2A228008C1AC5 /* libcgicc.3.dylib */; };
		1A4EA28B1CDF647A00143486 /* question.cpp in Sources */ = {isa = PBXBuildFile; fileRef = 1A4EA2891CDF647A00143486 /* question.cpp */; };
		1A4EA28C1CDF64A400143486 /* database.cpp in Sources */ = {isa = PBXBuildFile; fileRef = 1AC771871CD8FA1B005D3D41 /* database.cpp */; };
		1A4EA28D1CDF64BE00143486 /* html.cpp in Sources */ = {isa = PBXBuildFile; fileRef = 1ACA8F0E1CC6737D00E19ADD /* html.cpp */; };
		1A4EA28F1CDF64DC00143486 /* question.cpp in Sources */ = {isa = PBXBuildFile; fileRef = 1A4EA28E1CDF64DC00143486 /* question.cpp */; };
		1AAE64B91CE4397A000DDC9F /* search.cpp in Sources */ = {isa = PBXBuildFile; fileRef = 1AAE64B81CE4397A000DDC9F /* search.cpp */; };
		1AAE64BD1CE43C87000DDC9F /* html.cpp in Sources */ = {isa = PBXBuildFile; fileRef = 1ACA8F0E1CC6737D00E19ADD /* html.cpp */; };
		1AAE64BE1CE43C8A000DDC9F /* database.cpp in Sources */ = {isa = PBXBuildFile; fileRef = 1AC771871CD8FA1B005D3D41 /* database.cpp */; };
		1AAE64BF1CE43CD7000DDC9F /* libmysqlcppconn.7.1.1.6.dylib in Frameworks */ = {isa = PBXBuildFile; fileRef = 1A643A341CC29CCC008C1AC5 /* libmysqlcppconn.7.1.1.6.dylib */; };
		1AAE64C01CE43CD9000DDC9F /* libcgicc.3.dylib in Frameworks */ = {isa = PBXBuildFile; fileRef = 1A643A391CC2A228008C1AC5 /* libcgicc.3.dylib */; };
		398A780D1CE37DF800487375 /* signup.cpp in Sources */ = {isa = PBXBuildFile; fileRef = 398A780C1CE37DF800487375 /* signup.cpp */; };
		398A780E1CE37E0C00487375 /* libcgicc.3.dylib in Frameworks */ = {isa = PBXBuildFile; fileRef = 1A643A391CC2A228008C1AC5 /* libcgicc.3.dylib */; };
		398A780F1CE37E0F00487375 /* libmysqlcppconn.7.1.1.6.dylib in Frameworks */ = {isa = PBXBuildFile; fileRef = 1A643A341CC29CCC008C1AC5 /* libmysqlcppconn.7.1.1.6.dylib */; };
		398A78101CE37E2100487375 /* database.cpp in Sources */ = {isa = PBXBuildFile; fileRef = 1AC771871CD8FA1B005D3D41 /* database.cpp */; };
		398A78111CE37E2400487375 /* html.cpp in Sources */ = {isa = PBXBuildFile; fileRef = 1ACA8F0E1CC6737D00E19ADD /* html.cpp */; };
		398A78161CE3903800487375 /* user.cpp in Sources */ = {isa = PBXBuildFile; fileRef = 398A78121CE3817000487375 /* user.cpp */; };
		398A78191CE40AEA00487375 /* md5.cpp in Sources */ = {isa = PBXBuildFile; fileRef = 398A78181CE40AEA00487375 /* md5.cpp */; };
		568CF2AC1CE0750600E1A986 /* browse.cpp in Sources */ = {isa = PBXBuildFile; fileRef = 568CF2A01CE074E100E1A986 /* browse.cpp */; };
		568CF2AD1CE0753300E1A986 /* libmysqlcppconn.7.1.1.6.dylib in Frameworks */ = {isa = PBXBuildFile; fileRef = 1A643A341CC29CCC008C1AC5 /* libmysqlcppconn.7.1.1.6.dylib */; };
		568CF2AE1CE0753800E1A986 /* libcgicc.3.dylib in Frameworks */ = {isa = PBXBuildFile; fileRef = 1A643A391CC2A228008C1AC5 /* libcgicc.3.dylib */; };
		568CF2B21CE0760400E1A986 /* database.cpp in Sources */ = {isa = PBXBuildFile; fileRef = 1AC771871CD8FA1B005D3D41 /* database.cpp */; };
		568CF2B31CE0760700E1A986 /* html.cpp in Sources */ = {isa = PBXBuildFile; fileRef = 1ACA8F0E1CC6737D00E19ADD /* html.cpp */; };
		568CF2BA1CE07ADC00E1A986 /* browse.cpp in Sources */ = {isa = PBXBuildFile; fileRef = 568CF2B81CE07ADC00E1A986 /* browse.cpp */; };
		568CF2E31CE3880700E1A986 /* comment.cpp in Sources */ = {isa = PBXBuildFile; fileRef = 568CF2E01CE387FD00E1A986 /* comment.cpp */; };
/* End PBXBuildFile section */

/* Begin PBXCopyFilesBuildPhase section */
		1A4EA25D1CDF601800143486 /* CopyFiles */ = {
			isa = PBXCopyFilesBuildPhase;
			buildActionMask = 2147483647;
			dstPath = /usr/share/man/man1/;
			dstSubfolderSpec = 0;
			files = (
			);
			runOnlyForDeploymentPostprocessing = 1;
		};
		1A4EA2681CDF601E00143486 /* CopyFiles */ = {
			isa = PBXCopyFilesBuildPhase;
			buildActionMask = 2147483647;
			dstPath = /usr/share/man/man1/;
			dstSubfolderSpec = 0;
			files = (
			);
			runOnlyForDeploymentPostprocessing = 1;
		};
		1A4EA27E1CDF644F00143486 /* CopyFiles */ = {
			isa = PBXCopyFilesBuildPhase;
			buildActionMask = 2147483647;
			dstPath = /usr/share/man/man1/;
			dstSubfolderSpec = 0;
			files = (
			);
			runOnlyForDeploymentPostprocessing = 1;
		};
		1AAE64AD1CE43827000DDC9F /* CopyFiles */ = {
			isa = PBXCopyFilesBuildPhase;
			buildActionMask = 2147483647;
			dstPath = /usr/share/man/man1/;
			dstSubfolderSpec = 0;
			files = (
			);
			runOnlyForDeploymentPostprocessing = 1;
		};
		398A78001CE37D7600487375 /* CopyFiles */ = {
			isa = PBXCopyFilesBuildPhase;
			buildActionMask = 2147483647;
			dstPath = /usr/share/man/man1/;
			dstSubfolderSpec = 0;
			files = (
			);
			runOnlyForDeploymentPostprocessing = 1;
		};
		568CF2A31CE074F500E1A986 /* CopyFiles */ = {
			isa = PBXCopyFilesBuildPhase;
			buildActionMask = 2147483647;
			dstPath = /usr/share/man/man1/;
			dstSubfolderSpec = 0;
			files = (
			);
			runOnlyForDeploymentPostprocessing = 1;
		};
/* End PBXCopyFilesBuildPhase section */

/* Begin PBXFileReference section */
		1A4EA25F1CDF601800143486 /* index.html */ = {isa = PBXFileReference; explicitFileType = "compiled.mach-o.executable"; includeInIndex = 0; path = index.html; sourceTree = BUILT_PRODUCTS_DIR; };
		1A4EA26A1CDF601E00143486 /* post.html */ = {isa = PBXFileReference; explicitFileType = "compiled.mach-o.executable"; includeInIndex = 0; path = post.html; sourceTree = BUILT_PRODUCTS_DIR; };
		1A4EA2801CDF644F00143486 /* question.html */ = {isa = PBXFileReference; explicitFileType = "compiled.mach-o.executable"; includeInIndex = 0; path = question.html; sourceTree = BUILT_PRODUCTS_DIR; };
		1A4EA2891CDF647A00143486 /* question.cpp */ = {isa = PBXFileReference; fileEncoding = 4; lastKnownFileType = sourcecode.cpp.cpp; name = question.cpp; path = process/question.cpp; sourceTree = "<group>"; };
		1A4EA28A1CDF647A00143486 /* question.hpp */ = {isa = PBXFileReference; fileEncoding = 4; lastKnownFileType = sourcecode.cpp.h; name = question.hpp; path = process/question.hpp; sourceTree = "<group>"; };
		1A4EA28E1CDF64DC00143486 /* question.cpp */ = {isa = PBXFileReference; fileEncoding = 4; lastKnownFileType = sourcecode.cpp.cpp; name = question.cpp; path = drivers/question.cpp; sourceTree = "<group>"; };
		1A643A341CC29CCC008C1AC5 /* libmysqlcppconn.7.1.1.6.dylib */ = {isa = PBXFileReference; lastKnownFileType = "compiled.mach-o.dylib"; name = libmysqlcppconn.7.1.1.6.dylib; path = "/usr/local/Cellar/mysql-connector-c++/1.1.6_1/lib/libmysqlcppconn.7.1.1.6.dylib"; sourceTree = "<absolute>"; };
		1A643A371CC29DD1008C1AC5 /* README.md */ = {isa = PBXFileReference; fileEncoding = 4; lastKnownFileType = net.daringfireball.markdown; name = README.md; path = ../README.md; sourceTree = "<group>"; };
		1A643A391CC2A228008C1AC5 /* libcgicc.3.dylib */ = {isa = PBXFileReference; lastKnownFileType = "compiled.mach-o.dylib"; name = libcgicc.3.dylib; path = /usr/local/Cellar/cgicc/lib/libcgicc.3.dylib; sourceTree = "<absolute>"; };
		1A8FC9741CD30E6A00B1B722 /* makefile */ = {isa = PBXFileReference; fileEncoding = 4; lastKnownFileType = sourcecode.make; path = makefile; sourceTree = "<group>"; };
		1A944B731CBF5ECA00C63F00 /* index.cpp */ = {isa = PBXFileReference; fileEncoding = 4; lastKnownFileType = sourcecode.cpp.cpp; name = index.cpp; path = drivers/index.cpp; sourceTree = "<group>"; };
		1A9F04601CD640940068B252 /* post.cpp */ = {isa = PBXFileReference; fileEncoding = 4; lastKnownFileType = sourcecode.cpp.cpp; name = post.cpp; path = drivers/post.cpp; sourceTree = "<group>"; };
		1AAE64AF1CE43827000DDC9F /* search.html */ = {isa = PBXFileReference; explicitFileType = "compiled.mach-o.executable"; includeInIndex = 0; path = search.html; sourceTree = BUILT_PRODUCTS_DIR; };
		1AAE64B81CE4397A000DDC9F /* search.cpp */ = {isa = PBXFileReference; fileEncoding = 4; lastKnownFileType = sourcecode.cpp.cpp; name = search.cpp; path = drivers/search.cpp; sourceTree = "<group>"; };
		1AAE64BA1CE43990000DDC9F /* search.cpp */ = {isa = PBXFileReference; fileEncoding = 4; lastKnownFileType = sourcecode.cpp.cpp; name = search.cpp; path = process/search.cpp; sourceTree = "<group>"; };
		1AAE64BB1CE43990000DDC9F /* search.hpp */ = {isa = PBXFileReference; fileEncoding = 4; lastKnownFileType = sourcecode.cpp.h; name = search.hpp; path = process/search.hpp; sourceTree = "<group>"; };
		1AC771871CD8FA1B005D3D41 /* database.cpp */ = {isa = PBXFileReference; fileEncoding = 4; lastKnownFileType = sourcecode.cpp.cpp; name = database.cpp; path = includes/database.cpp; sourceTree = "<group>"; };
		1AC771881CD8FA1B005D3D41 /* database.hpp */ = {isa = PBXFileReference; fileEncoding = 4; lastKnownFileType = sourcecode.cpp.h; name = database.hpp; path = includes/database.hpp; sourceTree = "<group>"; };
		1AC7718B1CD90410005D3D41 /* index.php */ = {isa = PBXFileReference; fileEncoding = 4; lastKnownFileType = text.script.php; name = index.php; path = ../api/webhooks/commit/index.php; sourceTree = "<group>"; };
		1ACA8F0E1CC6737D00E19ADD /* html.cpp */ = {isa = PBXFileReference; fileEncoding = 4; lastKnownFileType = sourcecode.cpp.cpp; name = html.cpp; path = includes/html.cpp; sourceTree = "<group>"; };
		1ACA8F0F1CC6737D00E19ADD /* html.hpp */ = {isa = PBXFileReference; fileEncoding = 4; lastKnownFileType = sourcecode.cpp.h; name = html.hpp; path = includes/html.hpp; sourceTree = "<group>"; };
		398A78021CE37D7600487375 /* signup.html */ = {isa = PBXFileReference; explicitFileType = "compiled.mach-o.executable"; includeInIndex = 0; path = signup.html; sourceTree = BUILT_PRODUCTS_DIR; };
		398A780C1CE37DF800487375 /* signup.cpp */ = {isa = PBXFileReference; fileEncoding = 4; lastKnownFileType = sourcecode.cpp.cpp; name = signup.cpp; path = drivers/signup.cpp; sourceTree = "<group>"; };
		398A78121CE3817000487375 /* user.cpp */ = {isa = PBXFileReference; fileEncoding = 4; lastKnownFileType = sourcecode.cpp.cpp; name = user.cpp; path = process/user.cpp; sourceTree = "<group>"; };
		398A78131CE3817000487375 /* user.hpp */ = {isa = PBXFileReference; fileEncoding = 4; lastKnownFileType = sourcecode.cpp.h; name = user.hpp; path = process/user.hpp; sourceTree = "<group>"; };
		398A78171CE40AD300487375 /* md5.hpp */ = {isa = PBXFileReference; lastKnownFileType = sourcecode.cpp.h; name = md5.hpp; path = includes/md5.hpp; sourceTree = "<group>"; };
		398A78181CE40AEA00487375 /* md5.cpp */ = {isa = PBXFileReference; fileEncoding = 4; lastKnownFileType = sourcecode.cpp.cpp; name = md5.cpp; path = includes/md5.cpp; sourceTree = "<group>"; };
		568CF2A01CE074E100E1A986 /* browse.cpp */ = {isa = PBXFileReference; lastKnownFileType = sourcecode.cpp.cpp; name = browse.cpp; path = drivers/browse.cpp; sourceTree = "<group>"; };
		568CF2A51CE074F500E1A986 /* browse.html */ = {isa = PBXFileReference; explicitFileType = "compiled.mach-o.executable"; includeInIndex = 0; path = browse.html; sourceTree = BUILT_PRODUCTS_DIR; };
		568CF2B81CE07ADC00E1A986 /* browse.cpp */ = {isa = PBXFileReference; fileEncoding = 4; lastKnownFileType = sourcecode.cpp.cpp; name = browse.cpp; path = process/browse.cpp; sourceTree = "<group>"; };
		568CF2B91CE07ADC00E1A986 /* browse.hpp */ = {isa = PBXFileReference; fileEncoding = 4; lastKnownFileType = sourcecode.cpp.h; name = browse.hpp; path = process/browse.hpp; sourceTree = "<group>"; };
		568CF2E01CE387FD00E1A986 /* comment.cpp */ = {isa = PBXFileReference; fileEncoding = 4; lastKnownFileType = sourcecode.cpp.cpp; name = comment.cpp; path = process/comment.cpp; sourceTree = "<group>"; };
		568CF2E11CE387FD00E1A986 /* comment.hpp */ = {isa = PBXFileReference; fileEncoding = 4; lastKnownFileType = sourcecode.cpp.h; name = comment.hpp; path = process/comment.hpp; sourceTree = "<group>"; };
/* End PBXFileReference section */

/* Begin PBXFrameworksBuildPhase section */
		1A4EA25C1CDF601800143486 /* Frameworks */ = {
			isa = PBXFrameworksBuildPhase;
			buildActionMask = 2147483647;
			files = (
				1A4EA27A1CDF606B00143486 /* libmysqlcppconn.7.1.1.6.dylib in Frameworks */,
				1A4EA27B1CDF606C00143486 /* libcgicc.3.dylib in Frameworks */,
			);
			runOnlyForDeploymentPostprocessing = 0;
		};
		1A4EA2671CDF601E00143486 /* Frameworks */ = {
			isa = PBXFrameworksBuildPhase;
			buildActionMask = 2147483647;
			files = (
				1A4EA2781CDF606000143486 /* libmysqlcppconn.7.1.1.6.dylib in Frameworks */,
				1A4EA2791CDF606100143486 /* libcgicc.3.dylib in Frameworks */,
			);
			runOnlyForDeploymentPostprocessing = 0;
		};
		1A4EA27D1CDF644F00143486 /* Frameworks */ = {
			isa = PBXFrameworksBuildPhase;
			buildActionMask = 2147483647;
			files = (
				1A4EA2871CDF645A00143486 /* libmysqlcppconn.7.1.1.6.dylib in Frameworks */,
				1A4EA2881CDF645C00143486 /* libcgicc.3.dylib in Frameworks */,
			);
			runOnlyForDeploymentPostprocessing = 0;
		};
		1AAE64AC1CE43827000DDC9F /* Frameworks */ = {
			isa = PBXFrameworksBuildPhase;
			buildActionMask = 2147483647;
			files = (
				1AAE64BF1CE43CD7000DDC9F /* libmysqlcppconn.7.1.1.6.dylib in Frameworks */,
				1AAE64C01CE43CD9000DDC9F /* libcgicc.3.dylib in Frameworks */,
			);
			runOnlyForDeploymentPostprocessing = 0;
		};
		398A77FF1CE37D7600487375 /* Frameworks */ = {
			isa = PBXFrameworksBuildPhase;
			buildActionMask = 2147483647;
			files = (
				398A780F1CE37E0F00487375 /* libmysqlcppconn.7.1.1.6.dylib in Frameworks */,
				398A780E1CE37E0C00487375 /* libcgicc.3.dylib in Frameworks */,
			);
			runOnlyForDeploymentPostprocessing = 0;
		};
		568CF2A21CE074F500E1A986 /* Frameworks */ = {
			isa = PBXFrameworksBuildPhase;
			buildActionMask = 2147483647;
			files = (
				568CF2AD1CE0753300E1A986 /* libmysqlcppconn.7.1.1.6.dylib in Frameworks */,
				568CF2AE1CE0753800E1A986 /* libcgicc.3.dylib in Frameworks */,
			);
			runOnlyForDeploymentPostprocessing = 0;
		};
/* End PBXFrameworksBuildPhase section */

/* Begin PBXGroup section */
		1A643A361CC29CE0008C1AC5 /* libraries */ = {
			isa = PBXGroup;
			children = (
				1A643A341CC29CCC008C1AC5 /* libmysqlcppconn.7.1.1.6.dylib */,
				1A643A391CC2A228008C1AC5 /* libcgicc.3.dylib */,
			);
			name = libraries;
			sourceTree = "<group>";
		};
		1A830D091CBF74280031C529 /* process */ = {
			isa = PBXGroup;
			children = (
				1AAE64BB1CE43990000DDC9F /* search.hpp */,
				1AAE64BA1CE43990000DDC9F /* search.cpp */,
				568CF2E01CE387FD00E1A986 /* comment.cpp */,
				568CF2E11CE387FD00E1A986 /* comment.hpp */,
				568CF2B81CE07ADC00E1A986 /* browse.cpp */,
				568CF2B91CE07ADC00E1A986 /* browse.hpp */,
				1A4EA28A1CDF647A00143486 /* question.hpp */,
				1A4EA2891CDF647A00143486 /* question.cpp */,
				398A78121CE3817000487375 /* user.cpp */,
				398A78131CE3817000487375 /* user.hpp */,
			);
			name = process;
			sourceTree = "<group>";
		};
		1A944B541CBF5D0300C63F00 = {
			isa = PBXGroup;
			children = (
				1A8FC9741CD30E6A00B1B722 /* makefile */,
				1A643A371CC29DD1008C1AC5 /* README.md */,
				1AC7718B1CD90410005D3D41 /* index.php */,
				1A830D091CBF74280031C529 /* process */,
				1ACA8F0A1CC6733600E19ADD /* includes */,
				1A944B721CBF5EB100C63F00 /* drivers */,
				1A944B5E1CBF5D0300C63F00 /* Products */,
				1A643A361CC29CE0008C1AC5 /* libraries */,
			);
			sourceTree = "<group>";
		};
		1A944B5E1CBF5D0300C63F00 /* Products */ = {
			isa = PBXGroup;
			children = (
				1A4EA25F1CDF601800143486 /* index.html */,
				1A4EA26A1CDF601E00143486 /* post.html */,
				1A4EA2801CDF644F00143486 /* question.html */,
				568CF2A51CE074F500E1A986 /* browse.html */,
				398A78021CE37D7600487375 /* signup.html */,
				1AAE64AF1CE43827000DDC9F /* search.html */,
			);
			name = Products;
			sourceTree = "<group>";
		};
		1A944B721CBF5EB100C63F00 /* drivers */ = {
			isa = PBXGroup;
			children = (
				1AAE64B81CE4397A000DDC9F /* search.cpp */,
				1A944B731CBF5ECA00C63F00 /* index.cpp */,
				1A9F04601CD640940068B252 /* post.cpp */,
				398A780C1CE37DF800487375 /* signup.cpp */,
				1A4EA28E1CDF64DC00143486 /* question.cpp */,
				568CF2A01CE074E100E1A986 /* browse.cpp */,
			);
			name = drivers;
			sourceTree = "<group>";
		};
		1ACA8F0A1CC6733600E19ADD /* includes */ = {
			isa = PBXGroup;
			children = (
				1ACA8F0F1CC6737D00E19ADD /* html.hpp */,
				1ACA8F0E1CC6737D00E19ADD /* html.cpp */,
				1AC771881CD8FA1B005D3D41 /* database.hpp */,
				1AC771871CD8FA1B005D3D41 /* database.cpp */,
				398A78171CE40AD300487375 /* md5.hpp */,
				398A78181CE40AEA00487375 /* md5.cpp */,
			);
			name = includes;
			sourceTree = "<group>";
		};
/* End PBXGroup section */

/* Begin PBXNativeTarget section */
		1A4EA25E1CDF601800143486 /* index.html */ = {
			isa = PBXNativeTarget;
			buildConfigurationList = 1A4EA2631CDF601800143486 /* Build configuration list for PBXNativeTarget "index.html" */;
			buildPhases = (
				1A4EA25B1CDF601800143486 /* Sources */,
				1A4EA25C1CDF601800143486 /* Frameworks */,
				1A4EA25D1CDF601800143486 /* CopyFiles */,
			);
			buildRules = (
			);
			dependencies = (
			);
			name = index.html;
			productName = index.html;
			productReference = 1A4EA25F1CDF601800143486 /* index.html */;
			productType = "com.apple.product-type.tool";
		};
		1A4EA2691CDF601E00143486 /* post.html */ = {
			isa = PBXNativeTarget;
			buildConfigurationList = 1A4EA26E1CDF601F00143486 /* Build configuration list for PBXNativeTarget "post.html" */;
			buildPhases = (
				1A4EA2661CDF601E00143486 /* Sources */,
				1A4EA2671CDF601E00143486 /* Frameworks */,
				1A4EA2681CDF601E00143486 /* CopyFiles */,
			);
			buildRules = (
			);
			dependencies = (
			);
			name = post.html;
			productName = post.html;
			productReference = 1A4EA26A1CDF601E00143486 /* post.html */;
			productType = "com.apple.product-type.tool";
		};
		1A4EA27F1CDF644F00143486 /* question.html */ = {
			isa = PBXNativeTarget;
			buildConfigurationList = 1A4EA2861CDF644F00143486 /* Build configuration list for PBXNativeTarget "question.html" */;
			buildPhases = (
				1A4EA27C1CDF644F00143486 /* Sources */,
				1A4EA27D1CDF644F00143486 /* Frameworks */,
				1A4EA27E1CDF644F00143486 /* CopyFiles */,
			);
			buildRules = (
			);
			dependencies = (
			);
			name = question.html;
			productName = question.html;
			productReference = 1A4EA2801CDF644F00143486 /* question.html */;
			productType = "com.apple.product-type.tool";
		};
		1AAE64AE1CE43827000DDC9F /* search.html */ = {
			isa = PBXNativeTarget;
			buildConfigurationList = 1AAE64B51CE43828000DDC9F /* Build configuration list for PBXNativeTarget "search.html" */;
			buildPhases = (
				1AAE64AB1CE43827000DDC9F /* Sources */,
				1AAE64AC1CE43827000DDC9F /* Frameworks */,
				1AAE64AD1CE43827000DDC9F /* CopyFiles */,
			);
			buildRules = (
			);
			dependencies = (
			);
			name = search.html;
			productName = search.html;
			productReference = 1AAE64AF1CE43827000DDC9F /* search.html */;
			productType = "com.apple.product-type.tool";
		};
		398A78011CE37D7600487375 /* signup.html */ = {
			isa = PBXNativeTarget;
			buildConfigurationList = 398A78081CE37D7600487375 /* Build configuration list for PBXNativeTarget "signup.html" */;
			buildPhases = (
				398A77FE1CE37D7600487375 /* Sources */,
				398A77FF1CE37D7600487375 /* Frameworks */,
				398A78001CE37D7600487375 /* CopyFiles */,
			);
			buildRules = (
			);
			dependencies = (
			);
			name = signup.html;
			productName = signup.html;
			productReference = 398A78021CE37D7600487375 /* signup.html */;
			productType = "com.apple.product-type.tool";
		};
		568CF2A41CE074F500E1A986 /* browse.html */ = {
			isa = PBXNativeTarget;
			buildConfigurationList = 568CF2A91CE074F500E1A986 /* Build configuration list for PBXNativeTarget "browse.html" */;
			buildPhases = (
				568CF2A11CE074F500E1A986 /* Sources */,
				568CF2A21CE074F500E1A986 /* Frameworks */,
				568CF2A31CE074F500E1A986 /* CopyFiles */,
			);
			buildRules = (
			);
			dependencies = (
			);
			name = browse.html;
			productName = browse.html;
			productReference = 568CF2A51CE074F500E1A986 /* browse.html */;
			productType = "com.apple.product-type.tool";
		};
/* End PBXNativeTarget section */

/* Begin PBXProject section */
		1A944B551CBF5D0300C63F00 /* Project object */ = {
			isa = PBXProject;
			attributes = {
				LastUpgradeCheck = 0730;
				ORGANIZATIONNAME = CSCI222;
				TargetAttributes = {
					1A4EA25E1CDF601800143486 = {
						CreatedOnToolsVersion = 7.3.1;
					};
					1A4EA2691CDF601E00143486 = {
						CreatedOnToolsVersion = 7.3.1;
					};
					1A4EA27F1CDF644F00143486 = {
						CreatedOnToolsVersion = 7.3.1;
					};
					1AAE64AE1CE43827000DDC9F = {
						CreatedOnToolsVersion = 7.3.1;
					};
					398A78011CE37D7600487375 = {
						CreatedOnToolsVersion = 7.3;
					};
					568CF2A41CE074F500E1A986 = {
						CreatedOnToolsVersion = 7.3;
					};
				};
			};
			buildConfigurationList = 1A944B581CBF5D0300C63F00 /* Build configuration list for PBXProject "BitQA" */;
			compatibilityVersion = "Xcode 3.2";
			developmentRegion = English;
			hasScannedForEncodings = 0;
			knownRegions = (
				en,
			);
			mainGroup = 1A944B541CBF5D0300C63F00;
			productRefGroup = 1A944B5E1CBF5D0300C63F00 /* Products */;
			projectDirPath = "";
			projectRoot = "";
			targets = (
				1A4EA25E1CDF601800143486 /* index.html */,
				1A4EA2691CDF601E00143486 /* post.html */,
				1A4EA27F1CDF644F00143486 /* question.html */,
				568CF2A41CE074F500E1A986 /* browse.html */,
				398A78011CE37D7600487375 /* signup.html */,
				1AAE64AE1CE43827000DDC9F /* search.html */,
			);
		};
/* End PBXProject section */

/* Begin PBXSourcesBuildPhase section */
		1A4EA25B1CDF601800143486 /* Sources */ = {
			isa = PBXSourcesBuildPhase;
			buildActionMask = 2147483647;
			files = (
				1A4EA2731CDF604E00143486 /* database.cpp in Sources */,
				1A4EA2721CDF604C00143486 /* index.cpp in Sources */,
				1A4EA2751CDF605200143486 /* html.cpp in Sources */,
			);
			runOnlyForDeploymentPostprocessing = 0;
		};
		1A4EA2661CDF601E00143486 /* Sources */ = {
			isa = PBXSourcesBuildPhase;
			buildActionMask = 2147483647;
			files = (
				1A4EA2741CDF605000143486 /* database.cpp in Sources */,
				1A4EA2711CDF604A00143486 /* post.cpp in Sources */,
				1A4EA2761CDF605300143486 /* html.cpp in Sources */,
			);
			runOnlyForDeploymentPostprocessing = 0;
		};
		1A4EA27C1CDF644F00143486 /* Sources */ = {
			isa = PBXSourcesBuildPhase;
			buildActionMask = 2147483647;
			files = (
				1A4EA28C1CDF64A400143486 /* database.cpp in Sources */,
				568CF2E31CE3880700E1A986 /* comment.cpp in Sources */,
				1A4EA28F1CDF64DC00143486 /* question.cpp in Sources */,
				1A4EA28B1CDF647A00143486 /* question.cpp in Sources */,
				1A4EA28D1CDF64BE00143486 /* html.cpp in Sources */,
			);
			runOnlyForDeploymentPostprocessing = 0;
		};
		1AAE64AB1CE43827000DDC9F /* Sources */ = {
			isa = PBXSourcesBuildPhase;
			buildActionMask = 2147483647;
			files = (
				1AAE64BD1CE43C87000DDC9F /* html.cpp in Sources */,
				1AAE64B91CE4397A000DDC9F /* search.cpp in Sources */,
				1AAE64BE1CE43C8A000DDC9F /* database.cpp in Sources */,
			);
			runOnlyForDeploymentPostprocessing = 0;
		};
		398A77FE1CE37D7600487375 /* Sources */ = {
			isa = PBXSourcesBuildPhase;
			buildActionMask = 2147483647;
			files = (
				398A78161CE3903800487375 /* user.cpp in Sources */,
				398A78191CE40AEA00487375 /* md5.cpp in Sources */,
				398A78101CE37E2100487375 /* database.cpp in Sources */,
				398A780D1CE37DF800487375 /* signup.cpp in Sources */,
				398A78111CE37E2400487375 /* html.cpp in Sources */,
			);
			runOnlyForDeploymentPostprocessing = 0;
		};
		568CF2A11CE074F500E1A986 /* Sources */ = {
			isa = PBXSourcesBuildPhase;
			buildActionMask = 2147483647;
			files = (
				568CF2BA1CE07ADC00E1A986 /* browse.cpp in Sources */,
				568CF2AC1CE0750600E1A986 /* browse.cpp in Sources */,
				568CF2B31CE0760700E1A986 /* html.cpp in Sources */,
				568CF2B21CE0760400E1A986 /* database.cpp in Sources */,
			);
			runOnlyForDeploymentPostprocessing = 0;
		};
/* End PBXSourcesBuildPhase section */

/* Begin XCBuildConfiguration section */
		1A4EA2641CDF601800143486 /* Debug */ = {
			isa = XCBuildConfiguration;
			buildSettings = {
				ALWAYS_SEARCH_USER_PATHS = NO;
				CONFIGURATION_BUILD_DIR = "$(PROJECT_DIR)/../www";
				LIBRARY_SEARCH_PATHS = (
					"$(inherited)",
					"/usr/local/Cellar/mysql-connector-c++/1.1.6_1/lib",
					/usr/local/Cellar/cgicc/lib,
				);
				PRODUCT_NAME = "$(TARGET_NAME)";
			};
			name = Debug;
		};
		1A4EA2651CDF601800143486 /* Release */ = {
			isa = XCBuildConfiguration;
			buildSettings = {
				ALWAYS_SEARCH_USER_PATHS = NO;
				CONFIGURATION_BUILD_DIR = "$(PROJECT_DIR)/../www";
				LIBRARY_SEARCH_PATHS = (
					"$(inherited)",
					"/usr/local/Cellar/mysql-connector-c++/1.1.6_1/lib",
					/usr/local/Cellar/cgicc/lib,
				);
				PRODUCT_NAME = "$(TARGET_NAME)";
			};
			name = Release;
		};
		1A4EA26F1CDF601F00143486 /* Debug */ = {
			isa = XCBuildConfiguration;
			buildSettings = {
				ALWAYS_SEARCH_USER_PATHS = NO;
				CONFIGURATION_BUILD_DIR = "$(PROJECT_DIR)/../www";
				LIBRARY_SEARCH_PATHS = (
					"$(inherited)",
					"/usr/local/Cellar/mysql-connector-c++/1.1.6_1/lib",
					/usr/local/Cellar/cgicc/lib,
				);
				PRODUCT_NAME = "$(TARGET_NAME)";
			};
			name = Debug;
		};
		1A4EA2701CDF601F00143486 /* Release */ = {
			isa = XCBuildConfiguration;
			buildSettings = {
				ALWAYS_SEARCH_USER_PATHS = NO;
				CONFIGURATION_BUILD_DIR = "$(PROJECT_DIR)/../www";
				LIBRARY_SEARCH_PATHS = (
					"$(inherited)",
					"/usr/local/Cellar/mysql-connector-c++/1.1.6_1/lib",
					/usr/local/Cellar/cgicc/lib,
				);
				PRODUCT_NAME = "$(TARGET_NAME)";
			};
			name = Release;
		};
		1A4EA2841CDF644F00143486 /* Debug */ = {
			isa = XCBuildConfiguration;
			buildSettings = {
				ALWAYS_SEARCH_USER_PATHS = NO;
				CONFIGURATION_BUILD_DIR = "$(PROJECT_DIR)/../www";
				LIBRARY_SEARCH_PATHS = (
					"$(inherited)",
					"/usr/local/Cellar/mysql-connector-c++/1.1.6_1/lib",
					/usr/local/Cellar/cgicc/lib,
				);
				PRODUCT_NAME = "$(TARGET_NAME)";
			};
			name = Debug;
		};
		1A4EA2851CDF644F00143486 /* Release */ = {
			isa = XCBuildConfiguration;
			buildSettings = {
				ALWAYS_SEARCH_USER_PATHS = NO;
				CONFIGURATION_BUILD_DIR = "$(PROJECT_DIR)/../www";
				LIBRARY_SEARCH_PATHS = (
					"$(inherited)",
					"/usr/local/Cellar/mysql-connector-c++/1.1.6_1/lib",
					/usr/local/Cellar/cgicc/lib,
				);
				PRODUCT_NAME = "$(TARGET_NAME)";
			};
			name = Release;
		};
		1A944B621CBF5D0300C63F00 /* Debug */ = {
			isa = XCBuildConfiguration;
			buildSettings = {
				ALWAYS_SEARCH_USER_PATHS = YES;
				CLANG_ANALYZER_NONNULL = YES;
				CLANG_CXX_LANGUAGE_STANDARD = "gnu++0x";
				CLANG_CXX_LIBRARY = "libc++";
				CLANG_ENABLE_MODULES = YES;
				CLANG_ENABLE_OBJC_ARC = YES;
				CLANG_WARN_BOOL_CONVERSION = YES;
				CLANG_WARN_CONSTANT_CONVERSION = YES;
				CLANG_WARN_DIRECT_OBJC_ISA_USAGE = YES_ERROR;
				CLANG_WARN_EMPTY_BODY = YES;
				CLANG_WARN_ENUM_CONVERSION = YES;
				CLANG_WARN_INT_CONVERSION = YES;
				CLANG_WARN_OBJC_ROOT_CLASS = YES_ERROR;
				CLANG_WARN_UNREACHABLE_CODE = YES;
				CLANG_WARN__DUPLICATE_METHOD_MATCH = YES;
				CODE_SIGN_IDENTITY = "-";
				COPY_PHASE_STRIP = NO;
				DEBUG_INFORMATION_FORMAT = dwarf;
				ENABLE_STRICT_OBJC_MSGSEND = YES;
				ENABLE_TESTABILITY = YES;
				GCC_C_LANGUAGE_STANDARD = gnu99;
				GCC_DYNAMIC_NO_PIC = NO;
				GCC_NO_COMMON_BLOCKS = YES;
				GCC_OPTIMIZATION_LEVEL = 0;
				GCC_PREPROCESSOR_DEFINITIONS = (
					"DEBUG=1",
					"$(inherited)",
				);
				GCC_WARN_64_TO_32_BIT_CONVERSION = YES;
				GCC_WARN_ABOUT_RETURN_TYPE = YES_ERROR;
				GCC_WARN_UNDECLARED_SELECTOR = YES;
				GCC_WARN_UNINITIALIZED_AUTOS = YES_AGGRESSIVE;
				GCC_WARN_UNUSED_FUNCTION = YES;
				GCC_WARN_UNUSED_VARIABLE = YES;
				HEADER_SEARCH_PATHS = /usr/local/include;
				LIBRARY_SEARCH_PATHS = /usr/local/lib;
				MACOSX_DEPLOYMENT_TARGET = 10.11;
				MTL_ENABLE_DEBUG_INFO = YES;
				ONLY_ACTIVE_ARCH = YES;
				SDKROOT = macosx;
			};
			name = Debug;
		};
		1A944B631CBF5D0300C63F00 /* Release */ = {
			isa = XCBuildConfiguration;
			buildSettings = {
				ALWAYS_SEARCH_USER_PATHS = YES;
				CLANG_ANALYZER_NONNULL = YES;
				CLANG_CXX_LANGUAGE_STANDARD = "gnu++0x";
				CLANG_CXX_LIBRARY = "libc++";
				CLANG_ENABLE_MODULES = YES;
				CLANG_ENABLE_OBJC_ARC = YES;
				CLANG_WARN_BOOL_CONVERSION = YES;
				CLANG_WARN_CONSTANT_CONVERSION = YES;
				CLANG_WARN_DIRECT_OBJC_ISA_USAGE = YES_ERROR;
				CLANG_WARN_EMPTY_BODY = YES;
				CLANG_WARN_ENUM_CONVERSION = YES;
				CLANG_WARN_INT_CONVERSION = YES;
				CLANG_WARN_OBJC_ROOT_CLASS = YES_ERROR;
				CLANG_WARN_UNREACHABLE_CODE = YES;
				CLANG_WARN__DUPLICATE_METHOD_MATCH = YES;
				CODE_SIGN_IDENTITY = "-";
				COPY_PHASE_STRIP = NO;
				DEBUG_INFORMATION_FORMAT = "dwarf-with-dsym";
				ENABLE_NS_ASSERTIONS = NO;
				ENABLE_STRICT_OBJC_MSGSEND = YES;
				GCC_C_LANGUAGE_STANDARD = gnu99;
				GCC_NO_COMMON_BLOCKS = YES;
				GCC_WARN_64_TO_32_BIT_CONVERSION = YES;
				GCC_WARN_ABOUT_RETURN_TYPE = YES_ERROR;
				GCC_WARN_UNDECLARED_SELECTOR = YES;
				GCC_WARN_UNINITIALIZED_AUTOS = YES_AGGRESSIVE;
				GCC_WARN_UNUSED_FUNCTION = YES;
				GCC_WARN_UNUSED_VARIABLE = YES;
				HEADER_SEARCH_PATHS = /usr/local/include;
				LIBRARY_SEARCH_PATHS = /usr/local/lib;
				MACOSX_DEPLOYMENT_TARGET = 10.11;
				MTL_ENABLE_DEBUG_INFO = NO;
				SDKROOT = macosx;
			};
			name = Release;
		};
		1AAE64B31CE43828000DDC9F /* Debug */ = {
			isa = XCBuildConfiguration;
			buildSettings = {
				ALWAYS_SEARCH_USER_PATHS = NO;
				CONFIGURATION_BUILD_DIR = "$(PROJECT_DIR)/../www";
				LIBRARY_SEARCH_PATHS = (
					"$(inherited)",
					"/usr/local/Cellar/mysql-connector-c++/1.1.6_1/lib",
					/usr/local/Cellar/cgicc/lib,
				);
				PRODUCT_NAME = "$(TARGET_NAME)";
			};
			name = Debug;
		};
		1AAE64B41CE43828000DDC9F /* Release */ = {
			isa = XCBuildConfiguration;
			buildSettings = {
				ALWAYS_SEARCH_USER_PATHS = NO;
				CONFIGURATION_BUILD_DIR = "$(PROJECT_DIR)/../www";
				LIBRARY_SEARCH_PATHS = (
					"$(inherited)",
					"/usr/local/Cellar/mysql-connector-c++/1.1.6_1/lib",
					/usr/local/Cellar/cgicc/lib,
				);
				PRODUCT_NAME = "$(TARGET_NAME)";
			};
			name = Release;
		};
		398A78061CE37D7600487375 /* Debug */ = {
			isa = XCBuildConfiguration;
			buildSettings = {
				ALWAYS_SEARCH_USER_PATHS = NO;
				CONFIGURATION_BUILD_DIR = "$(PROJECT_DIR)/../www";
				LIBRARY_SEARCH_PATHS = (
					"$(inherited)",
					/usr/local/Cellar/cgicc/lib,
					"/usr/local/Cellar/mysql-connector-c++/1.1.6_1/lib",
				);
				PRODUCT_NAME = "$(TARGET_NAME)";
			};
			name = Debug;
		};
		398A78071CE37D7600487375 /* Release */ = {
			isa = XCBuildConfiguration;
			buildSettings = {
				ALWAYS_SEARCH_USER_PATHS = NO;
				CONFIGURATION_BUILD_DIR = "$(PROJECT_DIR)/../www";
				LIBRARY_SEARCH_PATHS = (
					"$(inherited)",
					/usr/local/Cellar/cgicc/lib,
					"/usr/local/Cellar/mysql-connector-c++/1.1.6_1/lib",
				);
				PRODUCT_NAME = "$(TARGET_NAME)";
			};
			name = Release;
		};
		568CF2AA1CE074F500E1A986 /* Debug */ = {
			isa = XCBuildConfiguration;
			buildSettings = {
				ALWAYS_SEARCH_USER_PATHS = NO;
				CONFIGURATION_BUILD_DIR = "$(PROJECT_DIR)/../www";
				LIBRARY_SEARCH_PATHS = (
					"$(inherited)",
					"/usr/local/Cellar/mysql-connector-c++/1.1.6_1/lib",
					/usr/local/Cellar/cgicc/lib,
				);
				PRODUCT_NAME = "$(TARGET_NAME)";
			};
			name = Debug;
		};
		568CF2AB1CE074F500E1A986 /* Release */ = {
			isa = XCBuildConfiguration;
			buildSettings = {
				ALWAYS_SEARCH_USER_PATHS = NO;
				CONFIGURATION_BUILD_DIR = "$(PROJECT_DIR)/../www";
				LIBRARY_SEARCH_PATHS = (
					"$(inherited)",
					"/usr/local/Cellar/mysql-connector-c++/1.1.6_1/lib",
					/usr/local/Cellar/cgicc/lib,
				);
				PRODUCT_NAME = "$(TARGET_NAME)";
			};
			name = Release;
		};
/* End XCBuildConfiguration section */

/* Begin XCConfigurationList section */
		1A4EA2631CDF601800143486 /* Build configuration list for PBXNativeTarget "index.html" */ = {
			isa = XCConfigurationList;
			buildConfigurations = (
				1A4EA2641CDF601800143486 /* Debug */,
				1A4EA2651CDF601800143486 /* Release */,
			);
			defaultConfigurationIsVisible = 0;
			defaultConfigurationName = Release;
		};
		1A4EA26E1CDF601F00143486 /* Build configuration list for PBXNativeTarget "post.html" */ = {
			isa = XCConfigurationList;
			buildConfigurations = (
				1A4EA26F1CDF601F00143486 /* Debug */,
				1A4EA2701CDF601F00143486 /* Release */,
			);
			defaultConfigurationIsVisible = 0;
			defaultConfigurationName = Release;
		};
		1A4EA2861CDF644F00143486 /* Build configuration list for PBXNativeTarget "question.html" */ = {
			isa = XCConfigurationList;
			buildConfigurations = (
				1A4EA2841CDF644F00143486 /* Debug */,
				1A4EA2851CDF644F00143486 /* Release */,
			);
			defaultConfigurationIsVisible = 0;
			defaultConfigurationName = Release;
		};
		1A944B581CBF5D0300C63F00 /* Build configuration list for PBXProject "BitQA" */ = {
			isa = XCConfigurationList;
			buildConfigurations = (
				1A944B621CBF5D0300C63F00 /* Debug */,
				1A944B631CBF5D0300C63F00 /* Release */,
			);
			defaultConfigurationIsVisible = 0;
			defaultConfigurationName = Release;
		};
		1AAE64B51CE43828000DDC9F /* Build configuration list for PBXNativeTarget "search.html" */ = {
			isa = XCConfigurationList;
			buildConfigurations = (
				1AAE64B31CE43828000DDC9F /* Debug */,
				1AAE64B41CE43828000DDC9F /* Release */,
			);
			defaultConfigurationIsVisible = 0;
		};
		398A78081CE37D7600487375 /* Build configuration list for PBXNativeTarget "signup.html" */ = {
			isa = XCConfigurationList;
			buildConfigurations = (
				398A78061CE37D7600487375 /* Debug */,
				398A78071CE37D7600487375 /* Release */,
			);
			defaultConfigurationIsVisible = 0;
			defaultConfigurationName = Release;
		};
		568CF2A91CE074F500E1A986 /* Build configuration list for PBXNativeTarget "browse.html" */ = {
			isa = XCConfigurationList;
			buildConfigurations = (
				568CF2AA1CE074F500E1A986 /* Debug */,
				568CF2AB1CE074F500E1A986 /* Release */,
			);
			defaultConfigurationIsVisible = 0;
			defaultConfigurationName = Release;
		};
/* End XCConfigurationList section */
	};
	rootObject = 1A944B551CBF5D0300C63F00 /* Project object */;
}
