// !$*UTF8*$!
{
	archiveVersion = 1;
	classes = {
	};
	objectVersion = 46;
	objects = {

/* Begin PBXBuildFile section */
		1A643A351CC29CCC008C1AC5 /* libmysqlcppconn.7.1.1.6.dylib in Frameworks */ = {isa = PBXBuildFile; fileRef = 1A643A341CC29CCC008C1AC5 /* libmysqlcppconn.7.1.1.6.dylib */; };
		1A643A3A1CC2A228008C1AC5 /* libcgicc.3.dylib in Frameworks */ = {isa = PBXBuildFile; fileRef = 1A643A391CC2A228008C1AC5 /* libcgicc.3.dylib */; };
		1A830D0B1CBF74330031C529 /* post.cpp in Sources */ = {isa = PBXBuildFile; fileRef = 1A830D0A1CBF74330031C529 /* post.cpp */; };
		1A944B741CBF5ECA00C63F00 /* index.cpp in Sources */ = {isa = PBXBuildFile; fileRef = 1A944B731CBF5ECA00C63F00 /* index.cpp */; };
		1ACA8F101CC6737D00E19ADD /* includes.cpp in Sources */ = {isa = PBXBuildFile; fileRef = 1ACA8F0E1CC6737D00E19ADD /* includes.cpp */; };
/* End PBXBuildFile section */

/* Begin PBXCopyFilesBuildPhase section */
		1A944B691CBF5DE500C63F00 /* CopyFiles */ = {
			isa = PBXCopyFilesBuildPhase;
			buildActionMask = 2147483647;
			dstPath = /usr/share/man/man1/;
			dstSubfolderSpec = 0;
			files = (
			);
			runOnlyForDeploymentPostprocessing = 1;
		};
/* End PBXCopyFilesBuildPhase section */

/* Begin PBXFileReference section */
		1A643A341CC29CCC008C1AC5 /* libmysqlcppconn.7.1.1.6.dylib */ = {isa = PBXFileReference; lastKnownFileType = "compiled.mach-o.dylib"; name = libmysqlcppconn.7.1.1.6.dylib; path = "/usr/local/Cellar/mysql-connector-c++/1.1.6_1/lib/libmysqlcppconn.7.1.1.6.dylib"; sourceTree = "<absolute>"; };
		1A643A371CC29DD1008C1AC5 /* README.md */ = {isa = PBXFileReference; fileEncoding = 4; lastKnownFileType = net.daringfireball.markdown; name = README.md; path = ../README.md; sourceTree = "<group>"; };
		1A643A391CC2A228008C1AC5 /* libcgicc.3.dylib */ = {isa = PBXFileReference; lastKnownFileType = "compiled.mach-o.dylib"; name = libcgicc.3.dylib; path = /usr/local/Cellar/cgicc/lib/libcgicc.3.dylib; sourceTree = "<absolute>"; };
		1A830D0A1CBF74330031C529 /* post.cpp */ = {isa = PBXFileReference; fileEncoding = 4; lastKnownFileType = sourcecode.cpp.cpp; name = post.cpp; path = process/post.cpp; sourceTree = "<group>"; };
		1A830D0C1CBF743B0031C529 /* post.hpp */ = {isa = PBXFileReference; fileEncoding = 4; lastKnownFileType = sourcecode.cpp.h; name = post.hpp; path = process/post.hpp; sourceTree = "<group>"; };
		1A8FC9741CD30E6A00B1B722 /* makefile */ = {isa = PBXFileReference; fileEncoding = 4; lastKnownFileType = sourcecode.make; path = makefile; sourceTree = "<group>"; };
		1A944B6B1CBF5DE500C63F00 /* index.html */ = {isa = PBXFileReference; explicitFileType = "compiled.mach-o.executable"; includeInIndex = 0; path = index.html; sourceTree = BUILT_PRODUCTS_DIR; };
		1A944B731CBF5ECA00C63F00 /* index.cpp */ = {isa = PBXFileReference; fileEncoding = 4; lastKnownFileType = sourcecode.cpp.cpp; name = index.cpp; path = drivers/index.cpp; sourceTree = "<group>"; };
		1ACA8F0E1CC6737D00E19ADD /* includes.cpp */ = {isa = PBXFileReference; fileEncoding = 4; lastKnownFileType = sourcecode.cpp.cpp; name = includes.cpp; path = includes/includes.cpp; sourceTree = "<group>"; };
		1ACA8F0F1CC6737D00E19ADD /* includes.hpp */ = {isa = PBXFileReference; fileEncoding = 4; lastKnownFileType = sourcecode.cpp.h; name = includes.hpp; path = includes/includes.hpp; sourceTree = "<group>"; };
/* End PBXFileReference section */

/* Begin PBXFrameworksBuildPhase section */
		1A944B681CBF5DE500C63F00 /* Frameworks */ = {
			isa = PBXFrameworksBuildPhase;
			buildActionMask = 2147483647;
			files = (
				1A643A3A1CC2A228008C1AC5 /* libcgicc.3.dylib in Frameworks */,
				1A643A351CC29CCC008C1AC5 /* libmysqlcppconn.7.1.1.6.dylib in Frameworks */,
			);
			runOnlyForDeploymentPostprocessing = 0;
		};
/* End PBXFrameworksBuildPhase section */

/* Begin PBXGroup section */
		1A643A361CC29CE0008C1AC5 /* libraries */ = {
			isa = PBXGroup;
			children = (
				1A643A341CC29CCC008C1AC5 /* libmysqlcppconn.7.1.1.6.dylib */,
				1A643A391CC2A228008C1AC5 /* libcgicc.3.dylib */,
			);
			name = libraries;
			sourceTree = "<group>";
		};
		1A830D091CBF74280031C529 /* process */ = {
			isa = PBXGroup;
			children = (
				1A830D0C1CBF743B0031C529 /* post.hpp */,
				1A830D0A1CBF74330031C529 /* post.cpp */,
			);
			name = process;
			sourceTree = "<group>";
		};
		1A944B541CBF5D0300C63F00 = {
			isa = PBXGroup;
			children = (
				1A8FC9741CD30E6A00B1B722 /* makefile */,
				1A643A371CC29DD1008C1AC5 /* README.md */,
				1A830D091CBF74280031C529 /* process */,
				1ACA8F0A1CC6733600E19ADD /* includes */,
				1A944B721CBF5EB100C63F00 /* drivers */,
				1A944B5E1CBF5D0300C63F00 /* Products */,
				1A643A361CC29CE0008C1AC5 /* libraries */,
			);
			sourceTree = "<group>";
		};
		1A944B5E1CBF5D0300C63F00 /* Products */ = {
			isa = PBXGroup;
			children = (
				1A944B6B1CBF5DE500C63F00 /* index.html */,
			);
			name = Products;
			sourceTree = "<group>";
		};
		1A944B721CBF5EB100C63F00 /* drivers */ = {
			isa = PBXGroup;
			children = (
				1A944B731CBF5ECA00C63F00 /* index.cpp */,
			);
			name = drivers;
			sourceTree = "<group>";
		};
		1ACA8F0A1CC6733600E19ADD /* includes */ = {
			isa = PBXGroup;
			children = (
				1ACA8F0F1CC6737D00E19ADD /* includes.hpp */,
				1ACA8F0E1CC6737D00E19ADD /* includes.cpp */,
			);
			name = includes;
			sourceTree = "<group>";
		};
/* End PBXGroup section */

/* Begin PBXNativeTarget section */
		1A944B6A1CBF5DE500C63F00 /* index.html */ = {
			isa = PBXNativeTarget;
			buildConfigurationList = 1A944B6F1CBF5DE500C63F00 /* Build configuration list for PBXNativeTarget "index.html" */;
			buildPhases = (
				1A944B671CBF5DE500C63F00 /* Sources */,
				1A944B681CBF5DE500C63F00 /* Frameworks */,
				1A944B691CBF5DE500C63F00 /* CopyFiles */,
			);
			buildRules = (
			);
			dependencies = (
			);
			name = index.html;
			productName = index.html;
			productReference = 1A944B6B1CBF5DE500C63F00 /* index.html */;
			productType = "com.apple.product-type.tool";
		};
/* End PBXNativeTarget section */

/* Begin PBXProject section */
		1A944B551CBF5D0300C63F00 /* Project object */ = {
			isa = PBXProject;
			attributes = {
				LastUpgradeCheck = 0730;
				ORGANIZATIONNAME = CSCI222;
				TargetAttributes = {
					1A944B6A1CBF5DE500C63F00 = {
						CreatedOnToolsVersion = 7.3;
					};
				};
			};
			buildConfigurationList = 1A944B581CBF5D0300C63F00 /* Build configuration list for PBXProject "BitQA" */;
			compatibilityVersion = "Xcode 3.2";
			developmentRegion = English;
			hasScannedForEncodings = 0;
			knownRegions = (
				en,
			);
			mainGroup = 1A944B541CBF5D0300C63F00;
			productRefGroup = 1A944B5E1CBF5D0300C63F00 /* Products */;
			projectDirPath = "";
			projectRoot = "";
			targets = (
				1A944B6A1CBF5DE500C63F00 /* index.html */,
			);
		};
/* End PBXProject section */

/* Begin PBXSourcesBuildPhase section */
		1A944B671CBF5DE500C63F00 /* Sources */ = {
			isa = PBXSourcesBuildPhase;
			buildActionMask = 2147483647;
			files = (
				1A944B741CBF5ECA00C63F00 /* index.cpp in Sources */,
				1ACA8F101CC6737D00E19ADD /* includes.cpp in Sources */,
				1A830D0B1CBF74330031C529 /* post.cpp in Sources */,
			);
			runOnlyForDeploymentPostprocessing = 0;
		};
/* End PBXSourcesBuildPhase section */

/* Begin XCBuildConfiguration section */
		1A944B621CBF5D0300C63F00 /* Debug */ = {
			isa = XCBuildConfiguration;
			buildSettings = {
				ALWAYS_SEARCH_USER_PATHS = YES;
				CLANG_ANALYZER_NONNULL = YES;
				CLANG_CXX_LANGUAGE_STANDARD = "gnu++0x";
				CLANG_CXX_LIBRARY = "libc++";
				CLANG_ENABLE_MODULES = YES;
				CLANG_ENABLE_OBJC_ARC = YES;
				CLANG_WARN_BOOL_CONVERSION = YES;
				CLANG_WARN_CONSTANT_CONVERSION = YES;
				CLANG_WARN_DIRECT_OBJC_ISA_USAGE = YES_ERROR;
				CLANG_WARN_EMPTY_BODY = YES;
				CLANG_WARN_ENUM_CONVERSION = YES;
				CLANG_WARN_INT_CONVERSION = YES;
				CLANG_WARN_OBJC_ROOT_CLASS = YES_ERROR;
				CLANG_WARN_UNREACHABLE_CODE = YES;
				CLANG_WARN__DUPLICATE_METHOD_MATCH = YES;
				CODE_SIGN_IDENTITY = "-";
				COPY_PHASE_STRIP = NO;
				DEBUG_INFORMATION_FORMAT = dwarf;
				ENABLE_STRICT_OBJC_MSGSEND = YES;
				ENABLE_TESTABILITY = YES;
				GCC_C_LANGUAGE_STANDARD = gnu99;
				GCC_DYNAMIC_NO_PIC = NO;
				GCC_NO_COMMON_BLOCKS = YES;
				GCC_OPTIMIZATION_LEVEL = 0;
				GCC_PREPROCESSOR_DEFINITIONS = (
					"DEBUG=1",
					"$(inherited)",
				);
				GCC_WARN_64_TO_32_BIT_CONVERSION = YES;
				GCC_WARN_ABOUT_RETURN_TYPE = YES_ERROR;
				GCC_WARN_UNDECLARED_SELECTOR = YES;
				GCC_WARN_UNINITIALIZED_AUTOS = YES_AGGRESSIVE;
				GCC_WARN_UNUSED_FUNCTION = YES;
				GCC_WARN_UNUSED_VARIABLE = YES;
				HEADER_SEARCH_PATHS = /usr/local/include;
				LIBRARY_SEARCH_PATHS = /usr/local/lib;
				MACOSX_DEPLOYMENT_TARGET = 10.11;
				MTL_ENABLE_DEBUG_INFO = YES;
				ONLY_ACTIVE_ARCH = YES;
				SDKROOT = macosx;
			};
			name = Debug;
		};
		1A944B631CBF5D0300C63F00 /* Release */ = {
			isa = XCBuildConfiguration;
			buildSettings = {
				ALWAYS_SEARCH_USER_PATHS = YES;
				CLANG_ANALYZER_NONNULL = YES;
				CLANG_CXX_LANGUAGE_STANDARD = "gnu++0x";
				CLANG_CXX_LIBRARY = "libc++";
				CLANG_ENABLE_MODULES = YES;
				CLANG_ENABLE_OBJC_ARC = YES;
				CLANG_WARN_BOOL_CONVERSION = YES;
				CLANG_WARN_CONSTANT_CONVERSION = YES;
				CLANG_WARN_DIRECT_OBJC_ISA_USAGE = YES_ERROR;
				CLANG_WARN_EMPTY_BODY = YES;
				CLANG_WARN_ENUM_CONVERSION = YES;
				CLANG_WARN_INT_CONVERSION = YES;
				CLANG_WARN_OBJC_ROOT_CLASS = YES_ERROR;
				CLANG_WARN_UNREACHABLE_CODE = YES;
				CLANG_WARN__DUPLICATE_METHOD_MATCH = YES;
				CODE_SIGN_IDENTITY = "-";
				COPY_PHASE_STRIP = NO;
				DEBUG_INFORMATION_FORMAT = "dwarf-with-dsym";
				ENABLE_NS_ASSERTIONS = NO;
				ENABLE_STRICT_OBJC_MSGSEND = YES;
				GCC_C_LANGUAGE_STANDARD = gnu99;
				GCC_NO_COMMON_BLOCKS = YES;
				GCC_WARN_64_TO_32_BIT_CONVERSION = YES;
				GCC_WARN_ABOUT_RETURN_TYPE = YES_ERROR;
				GCC_WARN_UNDECLARED_SELECTOR = YES;
				GCC_WARN_UNINITIALIZED_AUTOS = YES_AGGRESSIVE;
				GCC_WARN_UNUSED_FUNCTION = YES;
				GCC_WARN_UNUSED_VARIABLE = YES;
				HEADER_SEARCH_PATHS = /usr/local/include;
				LIBRARY_SEARCH_PATHS = /usr/local/lib;
				MACOSX_DEPLOYMENT_TARGET = 10.11;
				MTL_ENABLE_DEBUG_INFO = NO;
				SDKROOT = macosx;
			};
			name = Release;
		};
		1A944B701CBF5DE500C63F00 /* Debug */ = {
			isa = XCBuildConfiguration;
			buildSettings = {
				CONFIGURATION_BUILD_DIR = /Users/james/Repos/BitQA/www;
				PRODUCT_NAME = "$(TARGET_NAME)";
			};
			name = Debug;
		};
		1A944B711CBF5DE500C63F00 /* Release */ = {
			isa = XCBuildConfiguration;
			buildSettings = {
				CONFIGURATION_BUILD_DIR = /Users/james/Repos/BitQA/www;
				PRODUCT_NAME = "$(TARGET_NAME)";
			};
			name = Release;
		};
/* End XCBuildConfiguration section */

/* Begin XCConfigurationList section */
		1A944B581CBF5D0300C63F00 /* Build configuration list for PBXProject "BitQA" */ = {
			isa = XCConfigurationList;
			buildConfigurations = (
				1A944B621CBF5D0300C63F00 /* Debug */,
				1A944B631CBF5D0300C63F00 /* Release */,
			);
			defaultConfigurationIsVisible = 0;
			defaultConfigurationName = Release;
		};
		1A944B6F1CBF5DE500C63F00 /* Build configuration list for PBXNativeTarget "index.html" */ = {
			isa = XCConfigurationList;
			buildConfigurations = (
				1A944B701CBF5DE500C63F00 /* Debug */,
				1A944B711CBF5DE500C63F00 /* Release */,
			);
			defaultConfigurationIsVisible = 0;
			defaultConfigurationName = Release;
		};
/* End XCConfigurationList section */
	};
	rootObject = 1A944B551CBF5D0300C63F00 /* Project object */;
}
